{
  "version": 4,
  "terraform_version": "1.5.0",
  "serial": 12,
  "lineage": "abc123-def456",
  "outputs": {},
  "resources": [
    {
      "mode": "managed",
      "type": "aws_s3_bucket",
      "name": "data_bucket",
      "provider": "provider[\"registry.terraform.io/hashicorp/aws\"]",
      "instances": [
        {
          "schema_version": 0,
          "attributes": {
            "arn": "arn:aws:s3:::my-app-data-bucket",
            "bucket": "my-app-data-bucket",
            "id": "my-app-data-bucket",
            "region": "us-east-1"
          }
        }
      ]
    },
    {
      "mode": "managed",
      "type": "aws_s3_bucket",
      "name": "logs_bucket",
      "provider": "provider[\"registry.terraform.io/hashicorp/aws\"]",
      "instances": [
        {
          "schema_version": 0,
          "attributes": {
            "arn": "arn:aws:s3:::my-app-logs-bucket",
            "bucket": "my-app-logs-bucket",
            "id": "my-app-logs-bucket",
            "region": "us-east-1"
          }
        }
      ]
    },
    {
      "mode": "managed",
      "type": "aws_dynamodb_table",
      "name": "users_table",
      "provider": "provider[\"registry.terraform.io/hashicorp/aws\"]",
      "instances": [
        {
          "schema_version": 1,
          "attributes": {
            "arn": "arn:aws:dynamodb:us-east-1:123456789012:table/users-table",
            "name": "users-table",
            "id": "users-table",
            "hash_key": "user_id"
          }
        }
      ]
    },
    {
      "mode": "managed",
      "type": "aws_sqs_queue",
      "name": "task_queue",
      "provider": "provider[\"registry.terraform.io/hashicorp/aws\"]",
      "instances": [
        {
          "schema_version": 0,
          "attributes": {
            "arn": "arn:aws:sqs:us-east-1:123456789012:task-processing-queue",
            "name": "task-processing-queue",
            "id": "https://sqs.us-east-1.amazonaws.com/123456789012/task-processing-queue"
          }
        }
      ]
    },
    {
      "mode": "managed",
      "type": "aws_lambda_function",
      "name": "processor",
      "provider": "provider[\"registry.terraform.io/hashicorp/aws\"]",
      "instances": [
        {
          "schema_version": 0,
          "attributes": {
            "arn": "arn:aws:lambda:us-east-1:123456789012:function:data-processor",
            "function_name": "data-processor",
            "id": "data-processor",
            "handler": "handler.main",
            "runtime": "python3.12"
          }
        }
      ]
    },
    {
      "mode": "managed",
      "type": "aws_iam_role",
      "name": "lambda_role",
      "provider": "provider[\"registry.terraform.io/hashicorp/aws\"]",
      "instances": [
        {
          "schema_version": 0,
          "attributes": {
            "arn": "arn:aws:iam::123456789012:role/data-processor-role",
            "name": "data-processor-role",
            "id": "data-processor-role"
          }
        }
      ]
    },
    {
      "mode": "data",
      "type": "aws_caller_identity",
      "name": "current",
      "provider": "provider[\"registry.terraform.io/hashicorp/aws\"]",
      "instances": [
        {
          "schema_version": 0,
          "attributes": {
            "account_id": "123456789012",
            "arn": "arn:aws:iam::123456789012:user/developer",
            "id": "123456789012"
          }
        }
      ]
    }
  ]
}
